
Microsoft Visual Studio Solution File, Format Version 12.00
# Visual Studio Version 16
VisualStudioVersion = 16.0.30413.136
MinimumVisualStudioVersion = 10.0.40219.1
Project("{FAE04EC0-301F-11D3-BF4B-00C04F79EFBC}") = "MIS4200_Team8_Scrum", "MIS4200_Team8_Scrum.csproj", "{EF92715A-871B-4CD2-9EDA-78A0A3F90D62}"
EndProject
Global
	GlobalSection(SolutionConfigurationPlatforms) = preSolution
		Debug|Any CPU = Debug|Any CPU
		Release|Any CPU = Release|Any CPU
	EndGlobalSection
	GlobalSection(ProjectConfigurationPlatforms) = postSolution
		{EF92715A-871B-4CD2-9EDA-78A0A3F90D62}.Debug|Any CPU.ActiveCfg = Debug|Any CPU
		{EF92715A-871B-4CD2-9EDA-78A0A3F90D62}.Debug|Any CPU.Build.0 = Debug|Any CPU
		{EF92715A-871B-4CD2-9EDA-78A0A3F90D62}.Release|Any CPU.ActiveCfg = Release|Any CPU
		{EF92715A-871B-4CD2-9EDA-78A0A3F90D62}.Release|Any CPU.Build.0 = Release|Any CPU
	EndGlobalSection
	GlobalSection(SolutionProperties) = preSolution
		HideSolutionNode = FALSE
	EndGlobalSection
	GlobalSection(ExtensibilityGlobals) = postSolution
		SolutionGuid = {A2F4C707-58E7-4C3E-A037-A2BCE60DEFFF}
	EndGlobalSection
EndGlobal
